
Microsoft Visual Studio Solution File, Format Version 12.00
# Visual Studio Version 16
VisualStudioVersion = 16.0.29503.13
MinimumVisualStudioVersion = 10.0.40219.1
Project("{888888A0-9F3D-457C-B088-3A5042F75D52}") = "Tarea", "Tarea\Tarea.pyproj", "{04D3E1C7-0DBE-407E-B4AC-6C4FB1FCEAF8}"
EndProject
Global
	GlobalSection(SolutionConfigurationPlatforms) = preSolution
		Debug|Any CPU = Debug|Any CPU
		Release|Any CPU = Release|Any CPU
	EndGlobalSection
	GlobalSection(ProjectConfigurationPlatforms) = postSolution
		{04D3E1C7-0DBE-407E-B4AC-6C4FB1FCEAF8}.Debug|Any CPU.ActiveCfg = Debug|Any CPU
		{04D3E1C7-0DBE-407E-B4AC-6C4FB1FCEAF8}.Debug|Any CPU.Build.0 = Debug|Any CPU
		{04D3E1C7-0DBE-407E-B4AC-6C4FB1FCEAF8}.Release|Any CPU.ActiveCfg = Release|Any CPU
		{04D3E1C7-0DBE-407E-B4AC-6C4FB1FCEAF8}.Release|Any CPU.Build.0 = Release|Any CPU
	EndGlobalSection
	GlobalSection(SolutionProperties) = preSolution
		HideSolutionNode = FALSE
	EndGlobalSection
	GlobalSection(ExtensibilityGlobals) = postSolution
		SolutionGuid = {A6F546A5-0003-47DA-A8A7-AB61570E311E}
	EndGlobalSection
EndGlobal
